
Microsoft Visual Studio Solution File, Format Version 12.00
Project("{2150E333-8FDC-42A3-9474-1A3956D46DE8}") = "Microservices", "Microservices", "{2DE6CD32-8BF7-41BB-970D-2D8623E29CBC}"
EndProject
Project("{FAE04EC0-301F-11D3-BF4B-00C04F79EFBC}") = "Product.Microservice", "Product.Microservice\Product.Microservice.csproj", "{F95737FE-8D19-4F8D-B985-1B9C1FC6A298}"
EndProject
Project("{FAE04EC0-301F-11D3-BF4B-00C04F79EFBC}") = "Customer.Microservice", "Customer.Microservice\Customer.Microservice.csproj", "{FA0D20E1-614F-4DB9-9379-84F2D332BDDA}"
EndProject
Project("{FAE04EC0-301F-11D3-BF4B-00C04F79EFBC}") = "Gateway.WebApi", "Gateway.WebApi\Gateway.WebApi.csproj", "{9D22BDFF-9CCD-4BEE-A07D-355D328B400C}"
EndProject
Global
	GlobalSection(SolutionConfigurationPlatforms) = preSolution
		Debug|Any CPU = Debug|Any CPU
		Release|Any CPU = Release|Any CPU
	EndGlobalSection
	GlobalSection(NestedProjects) = preSolution
		{F95737FE-8D19-4F8D-B985-1B9C1FC6A298} = {2DE6CD32-8BF7-41BB-970D-2D8623E29CBC}
		{FA0D20E1-614F-4DB9-9379-84F2D332BDDA} = {2DE6CD32-8BF7-41BB-970D-2D8623E29CBC}
	EndGlobalSection
	GlobalSection(ProjectConfigurationPlatforms) = postSolution
		{F95737FE-8D19-4F8D-B985-1B9C1FC6A298}.Debug|Any CPU.ActiveCfg = Debug|Any CPU
		{F95737FE-8D19-4F8D-B985-1B9C1FC6A298}.Debug|Any CPU.Build.0 = Debug|Any CPU
		{F95737FE-8D19-4F8D-B985-1B9C1FC6A298}.Release|Any CPU.ActiveCfg = Release|Any CPU
		{F95737FE-8D19-4F8D-B985-1B9C1FC6A298}.Release|Any CPU.Build.0 = Release|Any CPU
		{FA0D20E1-614F-4DB9-9379-84F2D332BDDA}.Debug|Any CPU.ActiveCfg = Debug|Any CPU
		{FA0D20E1-614F-4DB9-9379-84F2D332BDDA}.Debug|Any CPU.Build.0 = Debug|Any CPU
		{FA0D20E1-614F-4DB9-9379-84F2D332BDDA}.Release|Any CPU.ActiveCfg = Release|Any CPU
		{FA0D20E1-614F-4DB9-9379-84F2D332BDDA}.Release|Any CPU.Build.0 = Release|Any CPU
		{9D22BDFF-9CCD-4BEE-A07D-355D328B400C}.Debug|Any CPU.ActiveCfg = Debug|Any CPU
		{9D22BDFF-9CCD-4BEE-A07D-355D328B400C}.Debug|Any CPU.Build.0 = Debug|Any CPU
		{9D22BDFF-9CCD-4BEE-A07D-355D328B400C}.Release|Any CPU.ActiveCfg = Release|Any CPU
		{9D22BDFF-9CCD-4BEE-A07D-355D328B400C}.Release|Any CPU.Build.0 = Release|Any CPU
	EndGlobalSection
EndGlobal
