
Microsoft Visual Studio Solution File, Format Version 12.00
Project("{FAE04EC0-301F-11D3-BF4B-00C04F79EFBC}") = "FileUpload", "FileUpload\FileUpload.csproj", "{5433969F-B281-40F1-A45C-B46629C9DE8D}"
EndProject
Project("{FAE04EC0-301F-11D3-BF4B-00C04F79EFBC}") = "WebApiFundamentals", "WebApiFundamentals\WebApiFundamentals.csproj", "{FDC9D3EA-980F-4AA8-8C0C-C7323CE4E603}"
EndProject
Project("{FAE04EC0-301F-11D3-BF4B-00C04F79EFBC}") = "RateLimiting", "RateLimiting\RateLimiting.csproj", "{7C77EAAE-CD43-4355-BCDD-0C153B87BEAB}"
EndProject
Project("{FAE04EC0-301F-11D3-BF4B-00C04F79EFBC}") = "SerilogLoggingSample", "SerilogLoggingSample\SerilogLoggingSample.csproj", "{600C4564-9E81-4818-AF4F-60673433AC35}"
EndProject
Project("{FAE04EC0-301F-11D3-BF4B-00C04F79EFBC}") = "HttpClientSample", "HttpClientSample\HttpClientSample.csproj", "{33450F3E-0819-4F1B-A602-581106D7641F}"
EndProject
Project("{FAE04EC0-301F-11D3-BF4B-00C04F79EFBC}") = "JWTAPI", "JWTAPI\JWTAPI.csproj", "{6A4E1072-79CD-4F32-801D-D8E1F43BCEBB}"
EndProject
Project("{FAE04EC0-301F-11D3-BF4B-00C04F79EFBC}") = "JWTAPI.Tests", "JWTAPI.Tests\JWTAPI.Tests.csproj", "{A8463E1A-695A-4061-A455-C392BB209F53}"
EndProject
Project("{FAE04EC0-301F-11D3-BF4B-00C04F79EFBC}") = "Asp.NetCore.Identity.Sample", "Asp.NetCore.Identity.Sample\Asp.NetCore.Identity.Sample.csproj", "{F659B1E4-524A-4F74-98C9-C54479B41C23}"
EndProject
Project("{2150E333-8FDC-42A3-9474-1A3956D46DE8}") = "AspNetCore_Microservice_With_ApiGateway", "AspNetCore_Microservice_With_ApiGateway", "{64D9B179-9B8A-401D-90EC-6B17B5EE00B4}"
	ProjectSection(SolutionItems) = preProject
		Microservice_Architecture_in_ASP.NET_Core_with_API_Gateway\README.md = Microservice_Architecture_in_ASP.NET_Core_with_API_Gateway\README.md
	EndProjectSection
EndProject
Project("{2150E333-8FDC-42A3-9474-1A3956D46DE8}") = "src", "src", "{5E780C33-C786-46FB-BC25-7D9BC1E7437D}"
EndProject
Project("{FAE04EC0-301F-11D3-BF4B-00C04F79EFBC}") = "Customer.Microservice", "Microservice_Architecture_in_ASP.NET_Core_with_API_Gateway\Customer.Microservice\Customer.Microservice.csproj", "{B935AB41-D461-4BE9-A2D2-98673FC3DA89}"
EndProject
Project("{FAE04EC0-301F-11D3-BF4B-00C04F79EFBC}") = "Product.Microservice", "Microservice_Architecture_in_ASP.NET_Core_with_API_Gateway\Product.Microservice\Product.Microservice.csproj", "{689EDEBB-C960-46A4-813C-D7DE7A45AEC8}"
EndProject
Project("{FAE04EC0-301F-11D3-BF4B-00C04F79EFBC}") = "Gateway.WebApi", "Microservice_Architecture_in_ASP.NET_Core_with_API_Gateway\Gateway.WebApi\Gateway.WebApi.csproj", "{9385EB64-9D92-4F1E-9450-64F52968B375}"
EndProject
Global
	GlobalSection(SolutionConfigurationPlatforms) = preSolution
		Debug|Any CPU = Debug|Any CPU
		Release|Any CPU = Release|Any CPU
	EndGlobalSection
	GlobalSection(ProjectConfigurationPlatforms) = postSolution
		{5433969F-B281-40F1-A45C-B46629C9DE8D}.Debug|Any CPU.ActiveCfg = Debug|Any CPU
		{5433969F-B281-40F1-A45C-B46629C9DE8D}.Debug|Any CPU.Build.0 = Debug|Any CPU
		{5433969F-B281-40F1-A45C-B46629C9DE8D}.Release|Any CPU.ActiveCfg = Release|Any CPU
		{5433969F-B281-40F1-A45C-B46629C9DE8D}.Release|Any CPU.Build.0 = Release|Any CPU
		{FDC9D3EA-980F-4AA8-8C0C-C7323CE4E603}.Debug|Any CPU.ActiveCfg = Debug|Any CPU
		{FDC9D3EA-980F-4AA8-8C0C-C7323CE4E603}.Debug|Any CPU.Build.0 = Debug|Any CPU
		{FDC9D3EA-980F-4AA8-8C0C-C7323CE4E603}.Release|Any CPU.ActiveCfg = Release|Any CPU
		{FDC9D3EA-980F-4AA8-8C0C-C7323CE4E603}.Release|Any CPU.Build.0 = Release|Any CPU
		{7C77EAAE-CD43-4355-BCDD-0C153B87BEAB}.Debug|Any CPU.ActiveCfg = Debug|Any CPU
		{7C77EAAE-CD43-4355-BCDD-0C153B87BEAB}.Debug|Any CPU.Build.0 = Debug|Any CPU
		{7C77EAAE-CD43-4355-BCDD-0C153B87BEAB}.Release|Any CPU.ActiveCfg = Release|Any CPU
		{7C77EAAE-CD43-4355-BCDD-0C153B87BEAB}.Release|Any CPU.Build.0 = Release|Any CPU
		{600C4564-9E81-4818-AF4F-60673433AC35}.Debug|Any CPU.ActiveCfg = Debug|Any CPU
		{600C4564-9E81-4818-AF4F-60673433AC35}.Debug|Any CPU.Build.0 = Debug|Any CPU
		{600C4564-9E81-4818-AF4F-60673433AC35}.Release|Any CPU.ActiveCfg = Release|Any CPU
		{600C4564-9E81-4818-AF4F-60673433AC35}.Release|Any CPU.Build.0 = Release|Any CPU
		{33450F3E-0819-4F1B-A602-581106D7641F}.Debug|Any CPU.ActiveCfg = Debug|Any CPU
		{33450F3E-0819-4F1B-A602-581106D7641F}.Debug|Any CPU.Build.0 = Debug|Any CPU
		{33450F3E-0819-4F1B-A602-581106D7641F}.Release|Any CPU.ActiveCfg = Release|Any CPU
		{33450F3E-0819-4F1B-A602-581106D7641F}.Release|Any CPU.Build.0 = Release|Any CPU
		{6A4E1072-79CD-4F32-801D-D8E1F43BCEBB}.Debug|Any CPU.ActiveCfg = Debug|Any CPU
		{6A4E1072-79CD-4F32-801D-D8E1F43BCEBB}.Debug|Any CPU.Build.0 = Debug|Any CPU
		{6A4E1072-79CD-4F32-801D-D8E1F43BCEBB}.Release|Any CPU.ActiveCfg = Release|Any CPU
		{6A4E1072-79CD-4F32-801D-D8E1F43BCEBB}.Release|Any CPU.Build.0 = Release|Any CPU
		{A8463E1A-695A-4061-A455-C392BB209F53}.Debug|Any CPU.ActiveCfg = Debug|Any CPU
		{A8463E1A-695A-4061-A455-C392BB209F53}.Debug|Any CPU.Build.0 = Debug|Any CPU
		{A8463E1A-695A-4061-A455-C392BB209F53}.Release|Any CPU.ActiveCfg = Release|Any CPU
		{A8463E1A-695A-4061-A455-C392BB209F53}.Release|Any CPU.Build.0 = Release|Any CPU
		{F659B1E4-524A-4F74-98C9-C54479B41C23}.Debug|Any CPU.ActiveCfg = Debug|Any CPU
		{F659B1E4-524A-4F74-98C9-C54479B41C23}.Debug|Any CPU.Build.0 = Debug|Any CPU
		{F659B1E4-524A-4F74-98C9-C54479B41C23}.Release|Any CPU.ActiveCfg = Release|Any CPU
		{F659B1E4-524A-4F74-98C9-C54479B41C23}.Release|Any CPU.Build.0 = Release|Any CPU
		{B935AB41-D461-4BE9-A2D2-98673FC3DA89}.Debug|Any CPU.ActiveCfg = Debug|Any CPU
		{B935AB41-D461-4BE9-A2D2-98673FC3DA89}.Debug|Any CPU.Build.0 = Debug|Any CPU
		{B935AB41-D461-4BE9-A2D2-98673FC3DA89}.Release|Any CPU.ActiveCfg = Release|Any CPU
		{B935AB41-D461-4BE9-A2D2-98673FC3DA89}.Release|Any CPU.Build.0 = Release|Any CPU
		{689EDEBB-C960-46A4-813C-D7DE7A45AEC8}.Debug|Any CPU.ActiveCfg = Debug|Any CPU
		{689EDEBB-C960-46A4-813C-D7DE7A45AEC8}.Debug|Any CPU.Build.0 = Debug|Any CPU
		{689EDEBB-C960-46A4-813C-D7DE7A45AEC8}.Release|Any CPU.ActiveCfg = Release|Any CPU
		{689EDEBB-C960-46A4-813C-D7DE7A45AEC8}.Release|Any CPU.Build.0 = Release|Any CPU
		{9385EB64-9D92-4F1E-9450-64F52968B375}.Debug|Any CPU.ActiveCfg = Debug|Any CPU
		{9385EB64-9D92-4F1E-9450-64F52968B375}.Debug|Any CPU.Build.0 = Debug|Any CPU
		{9385EB64-9D92-4F1E-9450-64F52968B375}.Release|Any CPU.ActiveCfg = Release|Any CPU
		{9385EB64-9D92-4F1E-9450-64F52968B375}.Release|Any CPU.Build.0 = Release|Any CPU
	EndGlobalSection
	GlobalSection(NestedProjects) = preSolution
		{5E780C33-C786-46FB-BC25-7D9BC1E7437D} = {64D9B179-9B8A-401D-90EC-6B17B5EE00B4}
		{B935AB41-D461-4BE9-A2D2-98673FC3DA89} = {5E780C33-C786-46FB-BC25-7D9BC1E7437D}
		{689EDEBB-C960-46A4-813C-D7DE7A45AEC8} = {5E780C33-C786-46FB-BC25-7D9BC1E7437D}
		{9385EB64-9D92-4F1E-9450-64F52968B375} = {64D9B179-9B8A-401D-90EC-6B17B5EE00B4}
	EndGlobalSection
EndGlobal
